// !$*UTF8*$!
{
	archiveVersion = 1;
	classes = {
	};
	objectVersion = 56;
	objects = {

/* Begin PBXBuildFile section */
		2211F5F32A6A701B005FCA4C /* AppDelegate.swift in Sources */ = {isa = PBXBuildFile; fileRef = 2211F5F22A6A701B005FCA4C /* AppDelegate.swift */; };
		2211F5F52A6A701B005FCA4C /* SceneDelegate.swift in Sources */ = {isa = PBXBuildFile; fileRef = 2211F5F42A6A701B005FCA4C /* SceneDelegate.swift */; };
		2211F5F72A6A701B005FCA4C /* ViewController.swift in Sources */ = {isa = PBXBuildFile; fileRef = 2211F5F62A6A701B005FCA4C /* ViewController.swift */; };
		2211F5FA2A6A701B005FCA4C /* Main.storyboard in Resources */ = {isa = PBXBuildFile; fileRef = 2211F5F82A6A701B005FCA4C /* Main.storyboard */; };
		2211F5FC2A6A701D005FCA4C /* Assets.xcassets in Resources */ = {isa = PBXBuildFile; fileRef = 2211F5FB2A6A701D005FCA4C /* Assets.xcassets */; };
		2211F5FF2A6A701D005FCA4C /* LaunchScreen.storyboard in Resources */ = {isa = PBXBuildFile; fileRef = 2211F5FD2A6A701D005FCA4C /* LaunchScreen.storyboard */; };
		2211F6092A6A7488005FCA4C /* HomeScreenView.storyboard in Resources */ = {isa = PBXBuildFile; fileRef = 2211F6082A6A7488005FCA4C /* HomeScreenView.storyboard */; };
		2211F60D2A6A76AB005FCA4C /* HomeScreenView.swift in Sources */ = {isa = PBXBuildFile; fileRef = 2211F60C2A6A76AB005FCA4C /* HomeScreenView.swift */; };
		2211F60F2A6A88B9005FCA4C /* HomeScreenPresenter.swift in Sources */ = {isa = PBXBuildFile; fileRef = 2211F60E2A6A88B9005FCA4C /* HomeScreenPresenter.swift */; };
		2211F6122A6A892E005FCA4C /* ApiManager.swift in Sources */ = {isa = PBXBuildFile; fileRef = 2211F6112A6A892D005FCA4C /* ApiManager.swift */; };
		2211F6142A6A8950005FCA4C /* CommonEntity.swift in Sources */ = {isa = PBXBuildFile; fileRef = 2211F6132A6A8950005FCA4C /* CommonEntity.swift */; };
		2211F6182A6A8AEE005FCA4C /* GenreCollectionViewCell.swift in Sources */ = {isa = PBXBuildFile; fileRef = 2211F6162A6A8AEE005FCA4C /* GenreCollectionViewCell.swift */; };
		2211F6192A6A8AEE005FCA4C /* GenreCollectionViewCell.xib in Resources */ = {isa = PBXBuildFile; fileRef = 2211F6172A6A8AEE005FCA4C /* GenreCollectionViewCell.xib */; };
		2211F61B2A6A8BD5005FCA4C /* HomeScreenEntity.swift in Sources */ = {isa = PBXBuildFile; fileRef = 2211F61A2A6A8BD5005FCA4C /* HomeScreenEntity.swift */; };
		22807A3E2A6BE6160077A568 /* DiscoverMovieView.storyboard in Resources */ = {isa = PBXBuildFile; fileRef = 22807A3D2A6BE6160077A568 /* DiscoverMovieView.storyboard */; };
		22807A402A6BE6480077A568 /* DiscoverMovieView.swift in Sources */ = {isa = PBXBuildFile; fileRef = 22807A3F2A6BE6480077A568 /* DiscoverMovieView.swift */; };
		22807A442A6BE8B50077A568 /* MovieCell.swift in Sources */ = {isa = PBXBuildFile; fileRef = 22807A422A6BE8B50077A568 /* MovieCell.swift */; };
		22807A452A6BE8B50077A568 /* MovieCell.xib in Resources */ = {isa = PBXBuildFile; fileRef = 22807A432A6BE8B50077A568 /* MovieCell.xib */; };
		22807A472A6BE9BD0077A568 /* DiscoverMoviePresenter.swift in Sources */ = {isa = PBXBuildFile; fileRef = 22807A462A6BE9BD0077A568 /* DiscoverMoviePresenter.swift */; };
		22807A492A6BEA180077A568 /* DiscoverMovieEntity.swift in Sources */ = {isa = PBXBuildFile; fileRef = 22807A482A6BEA180077A568 /* DiscoverMovieEntity.swift */; };
		22807A4B2A6BF0F10077A568 /* HomeScreenInteractor.swift in Sources */ = {isa = PBXBuildFile; fileRef = 22807A4A2A6BF0F10077A568 /* HomeScreenInteractor.swift */; };
		22807A4D2A6BF17E0077A568 /* BaseInteractor.swift in Sources */ = {isa = PBXBuildFile; fileRef = 22807A4C2A6BF17E0077A568 /* BaseInteractor.swift */; };
		22807A4F2A6BF43B0077A568 /* HomeScreenRouter.swift in Sources */ = {isa = PBXBuildFile; fileRef = 22807A4E2A6BF43B0077A568 /* HomeScreenRouter.swift */; };
		22807A512A6CCBF10077A568 /* DiscoverMovieInteractor.swift in Sources */ = {isa = PBXBuildFile; fileRef = 22807A502A6CCBF10077A568 /* DiscoverMovieInteractor.swift */; };
		22807A542A6CCE8B0077A568 /* MovieDetailView.storyboard in Resources */ = {isa = PBXBuildFile; fileRef = 22807A532A6CCE8B0077A568 /* MovieDetailView.storyboard */; };
		22807A562A6CCEAA0077A568 /* MovieDetailView.swift in Sources */ = {isa = PBXBuildFile; fileRef = 22807A552A6CCEAA0077A568 /* MovieDetailView.swift */; };
		22807A582A6CD0950077A568 /* MovieDetailPresenter.swift in Sources */ = {isa = PBXBuildFile; fileRef = 22807A572A6CD0950077A568 /* MovieDetailPresenter.swift */; };
		22807A5A2A6CD0BE0077A568 /* MovieDetailInteractor.swift in Sources */ = {isa = PBXBuildFile; fileRef = 22807A592A6CD0BE0077A568 /* MovieDetailInteractor.swift */; };
		22807A5C2A6CD1620077A568 /* MovieDetailEntity.swift in Sources */ = {isa = PBXBuildFile; fileRef = 22807A5B2A6CD1620077A568 /* MovieDetailEntity.swift */; };
		22807A602A6CD2350077A568 /* ImageCell.swift in Sources */ = {isa = PBXBuildFile; fileRef = 22807A5E2A6CD2350077A568 /* ImageCell.swift */; };
		22807A612A6CD2350077A568 /* ImageCell.xib in Resources */ = {isa = PBXBuildFile; fileRef = 22807A5F2A6CD2350077A568 /* ImageCell.xib */; };
		22807A642A6CD24C0077A568 /* ReviewCell.swift in Sources */ = {isa = PBXBuildFile; fileRef = 22807A622A6CD24C0077A568 /* ReviewCell.swift */; };
		22807A652A6CD24C0077A568 /* ReviewCell.xib in Resources */ = {isa = PBXBuildFile; fileRef = 22807A632A6CD24C0077A568 /* ReviewCell.xib */; };
		22807A672A6CD3090077A568 /* DiscoverMovieRouter.swift in Sources */ = {isa = PBXBuildFile; fileRef = 22807A662A6CD3090077A568 /* DiscoverMovieRouter.swift */; };
		84B17E6CE595167720E0C936 /* libPods-MoviesApp.a in Frameworks */ = {isa = PBXBuildFile; fileRef = 2A3BFD88F1D3A83C8885E740 /* libPods-MoviesApp.a */; };
/* End PBXBuildFile section */

/* Begin PBXFileReference section */
		2211F5EF2A6A701B005FCA4C /* MoviesApp.app */ = {isa = PBXFileReference; explicitFileType = wrapper.application; includeInIndex = 0; path = MoviesApp.app; sourceTree = BUILT_PRODUCTS_DIR; };
		2211F5F22A6A701B005FCA4C /* AppDelegate.swift */ = {isa = PBXFileReference; lastKnownFileType = sourcecode.swift; path = AppDelegate.swift; sourceTree = "<group>"; };
		2211F5F42A6A701B005FCA4C /* SceneDelegate.swift */ = {isa = PBXFileReference; lastKnownFileType = sourcecode.swift; path = SceneDelegate.swift; sourceTree = "<group>"; };
		2211F5F62A6A701B005FCA4C /* ViewController.swift */ = {isa = PBXFileReference; lastKnownFileType = sourcecode.swift; path = ViewController.swift; sourceTree = "<group>"; };
		2211F5F92A6A701B005FCA4C /* Base */ = {isa = PBXFileReference; lastKnownFileType = file.storyboard; name = Base; path = Base.lproj/Main.storyboard; sourceTree = "<group>"; };
		2211F5FB2A6A701D005FCA4C /* Assets.xcassets */ = {isa = PBXFileReference; lastKnownFileType = folder.assetcatalog; path = Assets.xcassets; sourceTree = "<group>"; };
		2211F5FE2A6A701D005FCA4C /* Base */ = {isa = PBXFileReference; lastKnownFileType = file.storyboard; name = Base; path = Base.lproj/LaunchScreen.storyboard; sourceTree = "<group>"; };
		2211F6002A6A701D005FCA4C /* Info.plist */ = {isa = PBXFileReference; lastKnownFileType = text.plist.xml; path = Info.plist; sourceTree = "<group>"; };
		2211F6082A6A7488005FCA4C /* HomeScreenView.storyboard */ = {isa = PBXFileReference; lastKnownFileType = file.storyboard; path = HomeScreenView.storyboard; sourceTree = "<group>"; };
		2211F60C2A6A76AB005FCA4C /* HomeScreenView.swift */ = {isa = PBXFileReference; lastKnownFileType = sourcecode.swift; path = HomeScreenView.swift; sourceTree = "<group>"; };
		2211F60E2A6A88B9005FCA4C /* HomeScreenPresenter.swift */ = {isa = PBXFileReference; lastKnownFileType = sourcecode.swift; path = HomeScreenPresenter.swift; sourceTree = "<group>"; };
		2211F6112A6A892D005FCA4C /* ApiManager.swift */ = {isa = PBXFileReference; lastKnownFileType = sourcecode.swift; path = ApiManager.swift; sourceTree = "<group>"; };
		2211F6132A6A8950005FCA4C /* CommonEntity.swift */ = {isa = PBXFileReference; lastKnownFileType = sourcecode.swift; path = CommonEntity.swift; sourceTree = "<group>"; };
		2211F6162A6A8AEE005FCA4C /* GenreCollectionViewCell.swift */ = {isa = PBXFileReference; lastKnownFileType = sourcecode.swift; path = GenreCollectionViewCell.swift; sourceTree = "<group>"; };
		2211F6172A6A8AEE005FCA4C /* GenreCollectionViewCell.xib */ = {isa = PBXFileReference; lastKnownFileType = file.xib; path = GenreCollectionViewCell.xib; sourceTree = "<group>"; };
		2211F61A2A6A8BD5005FCA4C /* HomeScreenEntity.swift */ = {isa = PBXFileReference; lastKnownFileType = sourcecode.swift; path = HomeScreenEntity.swift; sourceTree = "<group>"; };
		22807A3D2A6BE6160077A568 /* DiscoverMovieView.storyboard */ = {isa = PBXFileReference; lastKnownFileType = file.storyboard; path = DiscoverMovieView.storyboard; sourceTree = "<group>"; };
		22807A3F2A6BE6480077A568 /* DiscoverMovieView.swift */ = {isa = PBXFileReference; lastKnownFileType = sourcecode.swift; path = DiscoverMovieView.swift; sourceTree = "<group>"; };
		22807A422A6BE8B50077A568 /* MovieCell.swift */ = {isa = PBXFileReference; lastKnownFileType = sourcecode.swift; path = MovieCell.swift; sourceTree = "<group>"; };
		22807A432A6BE8B50077A568 /* MovieCell.xib */ = {isa = PBXFileReference; lastKnownFileType = file.xib; path = MovieCell.xib; sourceTree = "<group>"; };
		22807A462A6BE9BD0077A568 /* DiscoverMoviePresenter.swift */ = {isa = PBXFileReference; lastKnownFileType = sourcecode.swift; path = DiscoverMoviePresenter.swift; sourceTree = "<group>"; };
		22807A482A6BEA180077A568 /* DiscoverMovieEntity.swift */ = {isa = PBXFileReference; lastKnownFileType = sourcecode.swift; path = DiscoverMovieEntity.swift; sourceTree = "<group>"; };
		22807A4A2A6BF0F10077A568 /* HomeScreenInteractor.swift */ = {isa = PBXFileReference; lastKnownFileType = sourcecode.swift; path = HomeScreenInteractor.swift; sourceTree = "<group>"; };
		22807A4C2A6BF17E0077A568 /* BaseInteractor.swift */ = {isa = PBXFileReference; lastKnownFileType = sourcecode.swift; path = BaseInteractor.swift; sourceTree = "<group>"; };
		22807A4E2A6BF43B0077A568 /* HomeScreenRouter.swift */ = {isa = PBXFileReference; lastKnownFileType = sourcecode.swift; path = HomeScreenRouter.swift; sourceTree = "<group>"; };
		22807A502A6CCBF10077A568 /* DiscoverMovieInteractor.swift */ = {isa = PBXFileReference; lastKnownFileType = sourcecode.swift; path = DiscoverMovieInteractor.swift; sourceTree = "<group>"; };
		22807A532A6CCE8B0077A568 /* MovieDetailView.storyboard */ = {isa = PBXFileReference; lastKnownFileType = file.storyboard; path = MovieDetailView.storyboard; sourceTree = "<group>"; };
		22807A552A6CCEAA0077A568 /* MovieDetailView.swift */ = {isa = PBXFileReference; lastKnownFileType = sourcecode.swift; path = MovieDetailView.swift; sourceTree = "<group>"; };
		22807A572A6CD0950077A568 /* MovieDetailPresenter.swift */ = {isa = PBXFileReference; lastKnownFileType = sourcecode.swift; path = MovieDetailPresenter.swift; sourceTree = "<group>"; };
		22807A592A6CD0BE0077A568 /* MovieDetailInteractor.swift */ = {isa = PBXFileReference; lastKnownFileType = sourcecode.swift; path = MovieDetailInteractor.swift; sourceTree = "<group>"; };
		22807A5B2A6CD1620077A568 /* MovieDetailEntity.swift */ = {isa = PBXFileReference; lastKnownFileType = sourcecode.swift; path = MovieDetailEntity.swift; sourceTree = "<group>"; };
		22807A5E2A6CD2350077A568 /* ImageCell.swift */ = {isa = PBXFileReference; lastKnownFileType = sourcecode.swift; path = ImageCell.swift; sourceTree = "<group>"; };
		22807A5F2A6CD2350077A568 /* ImageCell.xib */ = {isa = PBXFileReference; lastKnownFileType = file.xib; path = ImageCell.xib; sourceTree = "<group>"; };
		22807A622A6CD24C0077A568 /* ReviewCell.swift */ = {isa = PBXFileReference; lastKnownFileType = sourcecode.swift; path = ReviewCell.swift; sourceTree = "<group>"; };
		22807A632A6CD24C0077A568 /* ReviewCell.xib */ = {isa = PBXFileReference; lastKnownFileType = file.xib; path = ReviewCell.xib; sourceTree = "<group>"; };
		22807A662A6CD3090077A568 /* DiscoverMovieRouter.swift */ = {isa = PBXFileReference; lastKnownFileType = sourcecode.swift; path = DiscoverMovieRouter.swift; sourceTree = "<group>"; };
		2A3BFD88F1D3A83C8885E740 /* libPods-MoviesApp.a */ = {isa = PBXFileReference; explicitFileType = archive.ar; includeInIndex = 0; path = "libPods-MoviesApp.a"; sourceTree = BUILT_PRODUCTS_DIR; };
		655E2058F63DB2142BE17DA7 /* Pods-MoviesApp.release.xcconfig */ = {isa = PBXFileReference; includeInIndex = 1; lastKnownFileType = text.xcconfig; name = "Pods-MoviesApp.release.xcconfig"; path = "Target Support Files/Pods-MoviesApp/Pods-MoviesApp.release.xcconfig"; sourceTree = "<group>"; };
		A92544F61D74D6316EBDBD11 /* Pods-MoviesApp.debug.xcconfig */ = {isa = PBXFileReference; includeInIndex = 1; lastKnownFileType = text.xcconfig; name = "Pods-MoviesApp.debug.xcconfig"; path = "Target Support Files/Pods-MoviesApp/Pods-MoviesApp.debug.xcconfig"; sourceTree = "<group>"; };
/* End PBXFileReference section */

/* Begin PBXFrameworksBuildPhase section */
		2211F5EC2A6A701B005FCA4C /* Frameworks */ = {
			isa = PBXFrameworksBuildPhase;
			buildActionMask = 2147483647;
			files = (
				84B17E6CE595167720E0C936 /* libPods-MoviesApp.a in Frameworks */,
			);
			runOnlyForDeploymentPostprocessing = 0;
		};
/* End PBXFrameworksBuildPhase section */

/* Begin PBXGroup section */
		1BF9CA38CFF5F2736A68955D /* Pods */ = {
			isa = PBXGroup;
			children = (
				A92544F61D74D6316EBDBD11 /* Pods-MoviesApp.debug.xcconfig */,
				655E2058F63DB2142BE17DA7 /* Pods-MoviesApp.release.xcconfig */,
			);
			path = Pods;
			sourceTree = "<group>";
		};
		2211F5E62A6A701B005FCA4C = {
			isa = PBXGroup;
			children = (
				2211F5F12A6A701B005FCA4C /* MoviesApp */,
				2211F5F02A6A701B005FCA4C /* Products */,
				1BF9CA38CFF5F2736A68955D /* Pods */,
				6896096857A31E7B60DA5745 /* Frameworks */,
			);
			sourceTree = "<group>";
		};
		2211F5F02A6A701B005FCA4C /* Products */ = {
			isa = PBXGroup;
			children = (
				2211F5EF2A6A701B005FCA4C /* MoviesApp.app */,
			);
			name = Products;
			sourceTree = "<group>";
		};
		2211F5F12A6A701B005FCA4C /* MoviesApp */ = {
			isa = PBXGroup;
			children = (
				2211F6062A6A746B005FCA4C /* Modules */,
				2211F5F22A6A701B005FCA4C /* AppDelegate.swift */,
				2211F5F42A6A701B005FCA4C /* SceneDelegate.swift */,
				2211F5F62A6A701B005FCA4C /* ViewController.swift */,
				2211F5F82A6A701B005FCA4C /* Main.storyboard */,
				2211F5FB2A6A701D005FCA4C /* Assets.xcassets */,
				2211F5FD2A6A701D005FCA4C /* LaunchScreen.storyboard */,
				2211F6002A6A701D005FCA4C /* Info.plist */,
			);
			path = MoviesApp;
			sourceTree = "<group>";
		};
		2211F6062A6A746B005FCA4C /* Modules */ = {
			isa = PBXGroup;
			children = (
				22807A522A6CCE610077A568 /* MovieDetail */,
				22807A3C2A6BE56A0077A568 /* DiscoverMovie */,
				2211F6102A6A890D005FCA4C /* Common */,
				2211F6072A6A7479005FCA4C /* HomeScreen */,
			);
			path = Modules;
			sourceTree = "<group>";
		};
		2211F6072A6A7479005FCA4C /* HomeScreen */ = {
			isa = PBXGroup;
			children = (
				2211F6152A6A8982005FCA4C /* Cells */,
				2211F6082A6A7488005FCA4C /* HomeScreenView.storyboard */,
				2211F60C2A6A76AB005FCA4C /* HomeScreenView.swift */,
				2211F60E2A6A88B9005FCA4C /* HomeScreenPresenter.swift */,
				22807A4E2A6BF43B0077A568 /* HomeScreenRouter.swift */,
				22807A4A2A6BF0F10077A568 /* HomeScreenInteractor.swift */,
				2211F61A2A6A8BD5005FCA4C /* HomeScreenEntity.swift */,
			);
			path = HomeScreen;
			sourceTree = "<group>";
		};
		2211F6102A6A890D005FCA4C /* Common */ = {
			isa = PBXGroup;
			children = (
				2211F6112A6A892D005FCA4C /* ApiManager.swift */,
				2211F6132A6A8950005FCA4C /* CommonEntity.swift */,
				22807A4C2A6BF17E0077A568 /* BaseInteractor.swift */,
			);
			path = Common;
			sourceTree = "<group>";
		};
		2211F6152A6A8982005FCA4C /* Cells */ = {
			isa = PBXGroup;
			children = (
				2211F6162A6A8AEE005FCA4C /* GenreCollectionViewCell.swift */,
				2211F6172A6A8AEE005FCA4C /* GenreCollectionViewCell.xib */,
			);
			path = Cells;
			sourceTree = "<group>";
		};
		22807A3C2A6BE56A0077A568 /* DiscoverMovie */ = {
			isa = PBXGroup;
			children = (
				22807A412A6BE8740077A568 /* Cells */,
				22807A3D2A6BE6160077A568 /* DiscoverMovieView.storyboard */,
				22807A3F2A6BE6480077A568 /* DiscoverMovieView.swift */,
				22807A502A6CCBF10077A568 /* DiscoverMovieInteractor.swift */,
				22807A462A6BE9BD0077A568 /* DiscoverMoviePresenter.swift */,
				22807A482A6BEA180077A568 /* DiscoverMovieEntity.swift */,
				22807A662A6CD3090077A568 /* DiscoverMovieRouter.swift */,
			);
			path = DiscoverMovie;
			sourceTree = "<group>";
		};
		22807A412A6BE8740077A568 /* Cells */ = {
			isa = PBXGroup;
			children = (
				22807A422A6BE8B50077A568 /* MovieCell.swift */,
				22807A432A6BE8B50077A568 /* MovieCell.xib */,
			);
			path = Cells;
			sourceTree = "<group>";
		};
		22807A522A6CCE610077A568 /* MovieDetail */ = {
			isa = PBXGroup;
			children = (
				22807A5D2A6CD2120077A568 /* Cells */,
				22807A532A6CCE8B0077A568 /* MovieDetailView.storyboard */,
				22807A552A6CCEAA0077A568 /* MovieDetailView.swift */,
				22807A572A6CD0950077A568 /* MovieDetailPresenter.swift */,
				22807A592A6CD0BE0077A568 /* MovieDetailInteractor.swift */,
				22807A5B2A6CD1620077A568 /* MovieDetailEntity.swift */,
			);
			path = MovieDetail;
			sourceTree = "<group>";
		};
		22807A5D2A6CD2120077A568 /* Cells */ = {
			isa = PBXGroup;
			children = (
				22807A5E2A6CD2350077A568 /* ImageCell.swift */,
				22807A5F2A6CD2350077A568 /* ImageCell.xib */,
				22807A622A6CD24C0077A568 /* ReviewCell.swift */,
				22807A632A6CD24C0077A568 /* ReviewCell.xib */,
			);
			path = Cells;
			sourceTree = "<group>";
		};
		6896096857A31E7B60DA5745 /* Frameworks */ = {
			isa = PBXGroup;
			children = (
				2A3BFD88F1D3A83C8885E740 /* libPods-MoviesApp.a */,
			);
			name = Frameworks;
			sourceTree = "<group>";
		};
/* End PBXGroup section */

/* Begin PBXNativeTarget section */
		2211F5EE2A6A701B005FCA4C /* MoviesApp */ = {
			isa = PBXNativeTarget;
			buildConfigurationList = 2211F6032A6A701D005FCA4C /* Build configuration list for PBXNativeTarget "MoviesApp" */;
			buildPhases = (
				BE22A8B27D01E707ADF77C55 /* [CP] Check Pods Manifest.lock */,
				2211F5EB2A6A701B005FCA4C /* Sources */,
				2211F5EC2A6A701B005FCA4C /* Frameworks */,
				2211F5ED2A6A701B005FCA4C /* Resources */,
				F306C11D9A3E9E3C9F17CA8C /* [CP] Copy Pods Resources */,
			);
			buildRules = (
			);
			dependencies = (
			);
			name = MoviesApp;
			productName = MoviesApp;
			productReference = 2211F5EF2A6A701B005FCA4C /* MoviesApp.app */;
			productType = "com.apple.product-type.application";
		};
/* End PBXNativeTarget section */

/* Begin PBXProject section */
		2211F5E72A6A701B005FCA4C /* Project object */ = {
			isa = PBXProject;
			attributes = {
				BuildIndependentTargetsInParallel = 1;
				LastSwiftUpdateCheck = 1430;
				LastUpgradeCheck = 1430;
				TargetAttributes = {
					2211F5EE2A6A701B005FCA4C = {
						CreatedOnToolsVersion = 14.3;
					};
				};
			};
			buildConfigurationList = 2211F5EA2A6A701B005FCA4C /* Build configuration list for PBXProject "MoviesApp" */;
			compatibilityVersion = "Xcode 14.0";
			developmentRegion = en;
			hasScannedForEncodings = 0;
			knownRegions = (
				en,
				Base,
			);
			mainGroup = 2211F5E62A6A701B005FCA4C;
			productRefGroup = 2211F5F02A6A701B005FCA4C /* Products */;
			projectDirPath = "";
			projectRoot = "";
			targets = (
				2211F5EE2A6A701B005FCA4C /* MoviesApp */,
			);
		};
/* End PBXProject section */

/* Begin PBXResourcesBuildPhase section */
		2211F5ED2A6A701B005FCA4C /* Resources */ = {
			isa = PBXResourcesBuildPhase;
			buildActionMask = 2147483647;
			files = (
				2211F6092A6A7488005FCA4C /* HomeScreenView.storyboard in Resources */,
				22807A652A6CD24C0077A568 /* ReviewCell.xib in Resources */,
				22807A452A6BE8B50077A568 /* MovieCell.xib in Resources */,
				2211F5FF2A6A701D005FCA4C /* LaunchScreen.storyboard in Resources */,
				2211F6192A6A8AEE005FCA4C /* GenreCollectionViewCell.xib in Resources */,
				22807A3E2A6BE6160077A568 /* DiscoverMovieView.storyboard in Resources */,
				2211F5FC2A6A701D005FCA4C /* Assets.xcassets in Resources */,
				22807A612A6CD2350077A568 /* ImageCell.xib in Resources */,
				2211F5FA2A6A701B005FCA4C /* Main.storyboard in Resources */,
				22807A542A6CCE8B0077A568 /* MovieDetailView.storyboard in Resources */,
			);
			runOnlyForDeploymentPostprocessing = 0;
		};
/* End PBXResourcesBuildPhase section */

/* Begin PBXShellScriptBuildPhase section */
		BE22A8B27D01E707ADF77C55 /* [CP] Check Pods Manifest.lock */ = {
			isa = PBXShellScriptBuildPhase;
			buildActionMask = 2147483647;
			files = (
			);
			inputFileListPaths = (
			);
			inputPaths = (
				"${PODS_PODFILE_DIR_PATH}/Podfile.lock",
				"${PODS_ROOT}/Manifest.lock",
			);
			name = "[CP] Check Pods Manifest.lock";
			outputFileListPaths = (
			);
			outputPaths = (
				"$(DERIVED_FILE_DIR)/Pods-MoviesApp-checkManifestLockResult.txt",
			);
			runOnlyForDeploymentPostprocessing = 0;
			shellPath = /bin/sh;
			shellScript = "diff \"${PODS_PODFILE_DIR_PATH}/Podfile.lock\" \"${PODS_ROOT}/Manifest.lock\" > /dev/null\nif [ $? != 0 ] ; then\n    # print error to STDERR\n    echo \"error: The sandbox is not in sync with the Podfile.lock. Run 'pod install' or update your CocoaPods installation.\" >&2\n    exit 1\nfi\n# This output is used by Xcode 'outputs' to avoid re-running this script phase.\necho \"SUCCESS\" > \"${SCRIPT_OUTPUT_FILE_0}\"\n";
			showEnvVarsInLog = 0;
		};
		F306C11D9A3E9E3C9F17CA8C /* [CP] Copy Pods Resources */ = {
			isa = PBXShellScriptBuildPhase;
			buildActionMask = 2147483647;
			files = (
			);
			inputFileListPaths = (
				"${PODS_ROOT}/Target Support Files/Pods-MoviesApp/Pods-MoviesApp-resources-${CONFIGURATION}-input-files.xcfilelist",
			);
			name = "[CP] Copy Pods Resources";
			outputFileListPaths = (
				"${PODS_ROOT}/Target Support Files/Pods-MoviesApp/Pods-MoviesApp-resources-${CONFIGURATION}-output-files.xcfilelist",
			);
			runOnlyForDeploymentPostprocessing = 0;
			shellPath = /bin/sh;
			shellScript = "\"${PODS_ROOT}/Target Support Files/Pods-MoviesApp/Pods-MoviesApp-resources.sh\"\n";
			showEnvVarsInLog = 0;
		};
/* End PBXShellScriptBuildPhase section */

/* Begin PBXSourcesBuildPhase section */
		2211F5EB2A6A701B005FCA4C /* Sources */ = {
			isa = PBXSourcesBuildPhase;
			buildActionMask = 2147483647;
			files = (
				22807A5A2A6CD0BE0077A568 /* MovieDetailInteractor.swift in Sources */,
				22807A492A6BEA180077A568 /* DiscoverMovieEntity.swift in Sources */,
				22807A5C2A6CD1620077A568 /* MovieDetailEntity.swift in Sources */,
				2211F6182A6A8AEE005FCA4C /* GenreCollectionViewCell.swift in Sources */,
				2211F5F72A6A701B005FCA4C /* ViewController.swift in Sources */,
				2211F61B2A6A8BD5005FCA4C /* HomeScreenEntity.swift in Sources */,
				22807A442A6BE8B50077A568 /* MovieCell.swift in Sources */,
				2211F6142A6A8950005FCA4C /* CommonEntity.swift in Sources */,
				22807A582A6CD0950077A568 /* MovieDetailPresenter.swift in Sources */,
				2211F5F32A6A701B005FCA4C /* AppDelegate.swift in Sources */,
				22807A512A6CCBF10077A568 /* DiscoverMovieInteractor.swift in Sources */,
				22807A4B2A6BF0F10077A568 /* HomeScreenInteractor.swift in Sources */,
				2211F60F2A6A88B9005FCA4C /* HomeScreenPresenter.swift in Sources */,
				22807A602A6CD2350077A568 /* ImageCell.swift in Sources */,
				2211F5F52A6A701B005FCA4C /* SceneDelegate.swift in Sources */,
				2211F6122A6A892E005FCA4C /* ApiManager.swift in Sources */,
				22807A562A6CCEAA0077A568 /* MovieDetailView.swift in Sources */,
				22807A4F2A6BF43B0077A568 /* HomeScreenRouter.swift in Sources */,
				22807A4D2A6BF17E0077A568 /* BaseInteractor.swift in Sources */,
				22807A402A6BE6480077A568 /* DiscoverMovieView.swift in Sources */,
				22807A672A6CD3090077A568 /* DiscoverMovieRouter.swift in Sources */,
				22807A642A6CD24C0077A568 /* ReviewCell.swift in Sources */,
				22807A472A6BE9BD0077A568 /* DiscoverMoviePresenter.swift in Sources */,
				2211F60D2A6A76AB005FCA4C /* HomeScreenView.swift in Sources */,
			);
			runOnlyForDeploymentPostprocessing = 0;
		};
/* End PBXSourcesBuildPhase section */

/* Begin PBXVariantGroup section */
		2211F5F82A6A701B005FCA4C /* Main.storyboard */ = {
			isa = PBXVariantGroup;
			children = (
				2211F5F92A6A701B005FCA4C /* Base */,
			);
			name = Main.storyboard;
			sourceTree = "<group>";
		};
		2211F5FD2A6A701D005FCA4C /* LaunchScreen.storyboard */ = {
			isa = PBXVariantGroup;
			children = (
				2211F5FE2A6A701D005FCA4C /* Base */,
			);
			name = LaunchScreen.storyboard;
			sourceTree = "<group>";
		};
/* End PBXVariantGroup section */

/* Begin XCBuildConfiguration section */
		2211F6012A6A701D005FCA4C /* Debug */ = {
			isa = XCBuildConfiguration;
			buildSettings = {
				ALWAYS_SEARCH_USER_PATHS = NO;
				CLANG_ANALYZER_NONNULL = YES;
				CLANG_ANALYZER_NUMBER_OBJECT_CONVERSION = YES_AGGRESSIVE;
				CLANG_CXX_LANGUAGE_STANDARD = "gnu++20";
				CLANG_ENABLE_MODULES = YES;
				CLANG_ENABLE_OBJC_ARC = YES;
				CLANG_ENABLE_OBJC_WEAK = YES;
				CLANG_WARN_BLOCK_CAPTURE_AUTORELEASING = YES;
				CLANG_WARN_BOOL_CONVERSION = YES;
				CLANG_WARN_COMMA = YES;
				CLANG_WARN_CONSTANT_CONVERSION = YES;
				CLANG_WARN_DEPRECATED_OBJC_IMPLEMENTATIONS = YES;
				CLANG_WARN_DIRECT_OBJC_ISA_USAGE = YES_ERROR;
				CLANG_WARN_DOCUMENTATION_COMMENTS = YES;
				CLANG_WARN_EMPTY_BODY = YES;
				CLANG_WARN_ENUM_CONVERSION = YES;
				CLANG_WARN_INFINITE_RECURSION = YES;
				CLANG_WARN_INT_CONVERSION = YES;
				CLANG_WARN_NON_LITERAL_NULL_CONVERSION = YES;
				CLANG_WARN_OBJC_IMPLICIT_RETAIN_SELF = YES;
				CLANG_WARN_OBJC_LITERAL_CONVERSION = YES;
				CLANG_WARN_OBJC_ROOT_CLASS = YES_ERROR;
				CLANG_WARN_QUOTED_INCLUDE_IN_FRAMEWORK_HEADER = YES;
				CLANG_WARN_RANGE_LOOP_ANALYSIS = YES;
				CLANG_WARN_STRICT_PROTOTYPES = YES;
				CLANG_WARN_SUSPICIOUS_MOVE = YES;
				CLANG_WARN_UNGUARDED_AVAILABILITY = YES_AGGRESSIVE;
				CLANG_WARN_UNREACHABLE_CODE = YES;
				CLANG_WARN__DUPLICATE_METHOD_MATCH = YES;
				COPY_PHASE_STRIP = NO;
				DEBUG_INFORMATION_FORMAT = dwarf;
				ENABLE_STRICT_OBJC_MSGSEND = YES;
				ENABLE_TESTABILITY = YES;
				GCC_C_LANGUAGE_STANDARD = gnu11;
				GCC_DYNAMIC_NO_PIC = NO;
				GCC_NO_COMMON_BLOCKS = YES;
				GCC_OPTIMIZATION_LEVEL = 0;
				GCC_PREPROCESSOR_DEFINITIONS = (
					"DEBUG=1",
					"$(inherited)",
				);
				GCC_WARN_64_TO_32_BIT_CONVERSION = YES;
				GCC_WARN_ABOUT_RETURN_TYPE = YES_ERROR;
				GCC_WARN_UNDECLARED_SELECTOR = YES;
				GCC_WARN_UNINITIALIZED_AUTOS = YES_AGGRESSIVE;
				GCC_WARN_UNUSED_FUNCTION = YES;
				GCC_WARN_UNUSED_VARIABLE = YES;
				IPHONEOS_DEPLOYMENT_TARGET = 16.4;
				MTL_ENABLE_DEBUG_INFO = INCLUDE_SOURCE;
				MTL_FAST_MATH = YES;
				ONLY_ACTIVE_ARCH = YES;
				SDKROOT = iphoneos;
				SWIFT_ACTIVE_COMPILATION_CONDITIONS = DEBUG;
				SWIFT_OPTIMIZATION_LEVEL = "-Onone";
			};
			name = Debug;
		};
		2211F6022A6A701D005FCA4C /* Release */ = {
			isa = XCBuildConfiguration;
			buildSettings = {
				ALWAYS_SEARCH_USER_PATHS = NO;
				CLANG_ANALYZER_NONNULL = YES;
				CLANG_ANALYZER_NUMBER_OBJECT_CONVERSION = YES_AGGRESSIVE;
				CLANG_CXX_LANGUAGE_STANDARD = "gnu++20";
				CLANG_ENABLE_MODULES = YES;
				CLANG_ENABLE_OBJC_ARC = YES;
				CLANG_ENABLE_OBJC_WEAK = YES;
				CLANG_WARN_BLOCK_CAPTURE_AUTORELEASING = YES;
				CLANG_WARN_BOOL_CONVERSION = YES;
				CLANG_WARN_COMMA = YES;
				CLANG_WARN_CONSTANT_CONVERSION = YES;
				CLANG_WARN_DEPRECATED_OBJC_IMPLEMENTATIONS = YES;
				CLANG_WARN_DIRECT_OBJC_ISA_USAGE = YES_ERROR;
				CLANG_WARN_DOCUMENTATION_COMMENTS = YES;
				CLANG_WARN_EMPTY_BODY = YES;
				CLANG_WARN_ENUM_CONVERSION = YES;
				CLANG_WARN_INFINITE_RECURSION = YES;
				CLANG_WARN_INT_CONVERSION = YES;
				CLANG_WARN_NON_LITERAL_NULL_CONVERSION = YES;
				CLANG_WARN_OBJC_IMPLICIT_RETAIN_SELF = YES;
				CLANG_WARN_OBJC_LITERAL_CONVERSION = YES;
				CLANG_WARN_OBJC_ROOT_CLASS = YES_ERROR;
				CLANG_WARN_QUOTED_INCLUDE_IN_FRAMEWORK_HEADER = YES;
				CLANG_WARN_RANGE_LOOP_ANALYSIS = YES;
				CLANG_WARN_STRICT_PROTOTYPES = YES;
				CLANG_WARN_SUSPICIOUS_MOVE = YES;
				CLANG_WARN_UNGUARDED_AVAILABILITY = YES_AGGRESSIVE;
				CLANG_WARN_UNREACHABLE_CODE = YES;
				CLANG_WARN__DUPLICATE_METHOD_MATCH = YES;
				COPY_PHASE_STRIP = NO;
				DEBUG_INFORMATION_FORMAT = "dwarf-with-dsym";
				ENABLE_NS_ASSERTIONS = NO;
				ENABLE_STRICT_OBJC_MSGSEND = YES;
				GCC_C_LANGUAGE_STANDARD = gnu11;
				GCC_NO_COMMON_BLOCKS = YES;
				GCC_WARN_64_TO_32_BIT_CONVERSION = YES;
				GCC_WARN_ABOUT_RETURN_TYPE = YES_ERROR;
				GCC_WARN_UNDECLARED_SELECTOR = YES;
				GCC_WARN_UNINITIALIZED_AUTOS = YES_AGGRESSIVE;
				GCC_WARN_UNUSED_FUNCTION = YES;
				GCC_WARN_UNUSED_VARIABLE = YES;
				IPHONEOS_DEPLOYMENT_TARGET = 16.4;
				MTL_ENABLE_DEBUG_INFO = NO;
				MTL_FAST_MATH = YES;
				SDKROOT = iphoneos;
				SWIFT_COMPILATION_MODE = wholemodule;
				SWIFT_OPTIMIZATION_LEVEL = "-O";
				VALIDATE_PRODUCT = YES;
			};
			name = Release;
		};
		2211F6042A6A701D005FCA4C /* Debug */ = {
			isa = XCBuildConfiguration;
			baseConfigurationReference = A92544F61D74D6316EBDBD11 /* Pods-MoviesApp.debug.xcconfig */;
			buildSettings = {
				ASSETCATALOG_COMPILER_APPICON_NAME = AppIcon;
				ASSETCATALOG_COMPILER_GLOBAL_ACCENT_COLOR_NAME = AccentColor;
				CODE_SIGN_STYLE = Automatic;
				CURRENT_PROJECT_VERSION = 1;
				DEVELOPMENT_TEAM = 8WWR82GRZD;
				GENERATE_INFOPLIST_FILE = YES;
				INFOPLIST_FILE = MoviesApp/Info.plist;
				INFOPLIST_KEY_UIApplicationSupportsIndirectInputEvents = YES;
				INFOPLIST_KEY_UILaunchStoryboardName = LaunchScreen;
				INFOPLIST_KEY_UIMainStoryboardFile = Main;
				INFOPLIST_KEY_UISupportedInterfaceOrientations_iPad = "UIInterfaceOrientationPortrait UIInterfaceOrientationPortraitUpsideDown UIInterfaceOrientationLandscapeLeft UIInterfaceOrientationLandscapeRight";
				INFOPLIST_KEY_UISupportedInterfaceOrientations_iPhone = "UIInterfaceOrientationPortrait UIInterfaceOrientationLandscapeLeft UIInterfaceOrientationLandscapeRight";
				LD_RUNPATH_SEARCH_PATHS = (
					"$(inherited)",
					"@executable_path/Frameworks",
				);
				MARKETING_VERSION = 1.0;
				PRODUCT_BUNDLE_IDENTIFIER = com.ardy.MoviesApp;
				PRODUCT_NAME = "$(TARGET_NAME)";
				SWIFT_EMIT_LOC_STRINGS = YES;
				SWIFT_VERSION = 5.0;
				TARGETED_DEVICE_FAMILY = "1,2";
			};
			name = Debug;
		};
		2211F6052A6A701D005FCA4C /* Release */ = {
			isa = XCBuildConfiguration;
			baseConfigurationReference = 655E2058F63DB2142BE17DA7 /* Pods-MoviesApp.release.xcconfig */;
			buildSettings = {
				ASSETCATALOG_COMPILER_APPICON_NAME = AppIcon;
				ASSETCATALOG_COMPILER_GLOBAL_ACCENT_COLOR_NAME = AccentColor;
				CODE_SIGN_STYLE = Automatic;
				CURRENT_PROJECT_VERSION = 1;
				DEVELOPMENT_TEAM = 8WWR82GRZD;
				GENERATE_INFOPLIST_FILE = YES;
				INFOPLIST_FILE = MoviesApp/Info.plist;
				INFOPLIST_KEY_UIApplicationSupportsIndirectInputEvents = YES;
				INFOPLIST_KEY_UILaunchStoryboardName = LaunchScreen;
				INFOPLIST_KEY_UIMainStoryboardFile = Main;
				INFOPLIST_KEY_UISupportedInterfaceOrientations_iPad = "UIInterfaceOrientationPortrait UIInterfaceOrientationPortraitUpsideDown UIInterfaceOrientationLandscapeLeft UIInterfaceOrientationLandscapeRight";
				INFOPLIST_KEY_UISupportedInterfaceOrientations_iPhone = "UIInterfaceOrientationPortrait UIInterfaceOrientationLandscapeLeft UIInterfaceOrientationLandscapeRight";
				LD_RUNPATH_SEARCH_PATHS = (
					"$(inherited)",
					"@executable_path/Frameworks",
				);
				MARKETING_VERSION = 1.0;
				PRODUCT_BUNDLE_IDENTIFIER = com.ardy.MoviesApp;
				PRODUCT_NAME = "$(TARGET_NAME)";
				SWIFT_EMIT_LOC_STRINGS = YES;
				SWIFT_VERSION = 5.0;
				TARGETED_DEVICE_FAMILY = "1,2";
			};
			name = Release;
		};
/* End XCBuildConfiguration section */

/* Begin XCConfigurationList section */
		2211F5EA2A6A701B005FCA4C /* Build configuration list for PBXProject "MoviesApp" */ = {
			isa = XCConfigurationList;
			buildConfigurations = (
				2211F6012A6A701D005FCA4C /* Debug */,
				2211F6022A6A701D005FCA4C /* Release */,
			);
			defaultConfigurationIsVisible = 0;
			defaultConfigurationName = Release;
		};
		2211F6032A6A701D005FCA4C /* Build configuration list for PBXNativeTarget "MoviesApp" */ = {
			isa = XCConfigurationList;
			buildConfigurations = (
				2211F6042A6A701D005FCA4C /* Debug */,
				2211F6052A6A701D005FCA4C /* Release */,
			);
			defaultConfigurationIsVisible = 0;
			defaultConfigurationName = Release;
		};
/* End XCConfigurationList section */
	};
	rootObject = 2211F5E72A6A701B005FCA4C /* Project object */;
}
